# THIS IS AN AUTOGENERATED FILE. DO NOT EDIT THIS FILE DIRECTLY.
# yarn lockfile v1


cryptr@^6.0.3:
  version "6.0.3"
  resolved "https://registry.yarnpkg.com/cryptr/-/cryptr-6.0.3.tgz#669364e7993a1cd19d77e32e90ffef38455ecd74"
  integrity sha512-Nhaxn3CYl/OoWF3JSZlF8B6FQO600RRkU3g8213OGEIq4YvMlc3od8hL9chubhY1SmTq8ienvCRq1MSFjMTpOg==
